
Microsoft Visual Studio Solution File, Format Version 12.00
# Visual Studio 14
VisualStudioVersion = 14.0.25420.1
MinimumVisualStudioVersion = 10.0.40219.1
Project("{FAE04EC0-301F-11D3-BF4B-00C04F79EFBC}") = "MarioKart", "ClassLibrary1\MarioKart.csproj", "{B9DAB04D-67CD-4A9F-8A83-95F8975529BD}"
EndProject
Global
	GlobalSection(SolutionConfigurationPlatforms) = preSolution
		Debug|Any CPU = Debug|Any CPU
		Release|Any CPU = Release|Any CPU
	EndGlobalSection
	GlobalSection(ProjectConfigurationPlatforms) = postSolution
		{B9DAB04D-67CD-4A9F-8A83-95F8975529BD}.Debug|Any CPU.ActiveCfg = Debug|Any CPU
		{B9DAB04D-67CD-4A9F-8A83-95F8975529BD}.Debug|Any CPU.Build.0 = Debug|Any CPU
		{B9DAB04D-67CD-4A9F-8A83-95F8975529BD}.Release|Any CPU.ActiveCfg = Release|Any CPU
		{B9DAB04D-67CD-4A9F-8A83-95F8975529BD}.Release|Any CPU.Build.0 = Release|Any CPU
	EndGlobalSection
	GlobalSection(SolutionProperties) = preSolution
		HideSolutionNode = FALSE
	EndGlobalSection
EndGlobal
